
Microsoft Visual Studio Solution File, Format Version 12.00
# Visual Studio Version 17
VisualStudioVersion = 17.11.35327.3
MinimumVisualStudioVersion = 10.0.40219.1
Project("{FAE04EC0-301F-11D3-BF4B-00C04F79EFBC}") = "Discapp", "Discapp\Discapp.csproj", "{1466DD97-3150-4648-B36C-DFE2A3BC95DA}"
EndProject
Global
	GlobalSection(SolutionConfigurationPlatforms) = preSolution
		Debug|Any CPU = Debug|Any CPU
		Release|Any CPU = Release|Any CPU
	EndGlobalSection
	GlobalSection(ProjectConfigurationPlatforms) = postSolution
		{1466DD97-3150-4648-B36C-DFE2A3BC95DA}.Debug|Any CPU.ActiveCfg = Debug|Any CPU
		{1466DD97-3150-4648-B36C-DFE2A3BC95DA}.Debug|Any CPU.Build.0 = Debug|Any CPU
		{1466DD97-3150-4648-B36C-DFE2A3BC95DA}.Debug|Any CPU.Deploy.0 = Debug|Any CPU
		{1466DD97-3150-4648-B36C-DFE2A3BC95DA}.Release|Any CPU.ActiveCfg = Release|Any CPU
		{1466DD97-3150-4648-B36C-DFE2A3BC95DA}.Release|Any CPU.Build.0 = Release|Any CPU
		{1466DD97-3150-4648-B36C-DFE2A3BC95DA}.Release|Any CPU.Deploy.0 = Release|Any CPU
	EndGlobalSection
	GlobalSection(SolutionProperties) = preSolution
		HideSolutionNode = FALSE
	EndGlobalSection
	GlobalSection(ExtensibilityGlobals) = postSolution
		SolutionGuid = {1F66C4C1-8FD2-4433-9E11-2187FBDF022C}
	EndGlobalSection
EndGlobal
